
Microsoft Visual Studio Solution File, Format Version 12.00
# Visual Studio Version 17
VisualStudioVersion = 17.9.34607.119
MinimumVisualStudioVersion = 10.0.40219.1
Project("{888888A0-9F3D-457C-B088-3A5042F75D52}") = "AnsCheck", "AnsCheck.pyproj", "{3A192207-B814-4CAE-8C47-17CEB35A42EC}"
EndProject
Global
	GlobalSection(SolutionConfigurationPlatforms) = preSolution
		Debug|Any CPU = Debug|Any CPU
		Release|Any CPU = Release|Any CPU
	EndGlobalSection
	GlobalSection(ProjectConfigurationPlatforms) = postSolution
		{3A192207-B814-4CAE-8C47-17CEB35A42EC}.Debug|Any CPU.ActiveCfg = Debug|Any CPU
		{3A192207-B814-4CAE-8C47-17CEB35A42EC}.Release|Any CPU.ActiveCfg = Release|Any CPU
	EndGlobalSection
	GlobalSection(SolutionProperties) = preSolution
		HideSolutionNode = FALSE
	EndGlobalSection
	GlobalSection(ExtensibilityGlobals) = postSolution
		SolutionGuid = {25C46541-5029-4E07-B6FA-7BD1D951B933}
	EndGlobalSection
EndGlobal
